// !$*UTF8*$!
{
	archiveVersion = 1;
	classes = {
	};
	objectVersion = 50;
	objects = {

/* Begin PBXBuildFile section */
		95A4E1E1244ED28200F34F91 /* WatchOSPlayingSystemSounds WatchKit App.app in Embed Watch Content */ = {isa = PBXBuildFile; fileRef = 95A4E1E0244ED28200F34F91 /* WatchOSPlayingSystemSounds WatchKit App.app */; settings = {ATTRIBUTES = (RemoveHeadersOnCopy, ); }; };
		95A4E1E7244ED28200F34F91 /* Interface.storyboard in Resources */ = {isa = PBXBuildFile; fileRef = 95A4E1E5244ED28200F34F91 /* Interface.storyboard */; };
		95A4E1E9244ED28400F34F91 /* Assets.xcassets in Resources */ = {isa = PBXBuildFile; fileRef = 95A4E1E8244ED28400F34F91 /* Assets.xcassets */; };
		95A4E1F0244ED28400F34F91 /* WatchOSPlayingSystemSounds WatchKit Extension.appex in Embed App Extensions */ = {isa = PBXBuildFile; fileRef = 95A4E1EF244ED28400F34F91 /* WatchOSPlayingSystemSounds WatchKit Extension.appex */; settings = {ATTRIBUTES = (RemoveHeadersOnCopy, ); }; };
		95A4E1F5244ED28400F34F91 /* ContentView.swift in Sources */ = {isa = PBXBuildFile; fileRef = 95A4E1F4244ED28400F34F91 /* ContentView.swift */; };
		95A4E1F7244ED28400F34F91 /* HostingController.swift in Sources */ = {isa = PBXBuildFile; fileRef = 95A4E1F6244ED28400F34F91 /* HostingController.swift */; };
		95A4E1F9244ED28400F34F91 /* ExtensionDelegate.swift in Sources */ = {isa = PBXBuildFile; fileRef = 95A4E1F8244ED28400F34F91 /* ExtensionDelegate.swift */; };
		95A4E1FB244ED28400F34F91 /* NotificationController.swift in Sources */ = {isa = PBXBuildFile; fileRef = 95A4E1FA244ED28400F34F91 /* NotificationController.swift */; };
		95A4E1FD244ED28400F34F91 /* NotificationView.swift in Sources */ = {isa = PBXBuildFile; fileRef = 95A4E1FC244ED28400F34F91 /* NotificationView.swift */; };
		95A4E1FF244ED28500F34F91 /* Assets.xcassets in Resources */ = {isa = PBXBuildFile; fileRef = 95A4E1FE244ED28500F34F91 /* Assets.xcassets */; };
		95A4E202244ED28500F34F91 /* Preview Assets.xcassets in Resources */ = {isa = PBXBuildFile; fileRef = 95A4E201244ED28500F34F91 /* Preview Assets.xcassets */; };
/* End PBXBuildFile section */

/* Begin PBXContainerItemProxy section */
		95A4E1E2244ED28200F34F91 /* PBXContainerItemProxy */ = {
			isa = PBXContainerItemProxy;
			containerPortal = 95A4E1D6244ED28200F34F91 /* Project object */;
			proxyType = 1;
			remoteGlobalIDString = 95A4E1DF244ED28200F34F91;
			remoteInfo = "WatchOSPlayingSystemSounds WatchKit App";
		};
		95A4E1F1244ED28400F34F91 /* PBXContainerItemProxy */ = {
			isa = PBXContainerItemProxy;
			containerPortal = 95A4E1D6244ED28200F34F91 /* Project object */;
			proxyType = 1;
			remoteGlobalIDString = 95A4E1EE244ED28400F34F91;
			remoteInfo = "WatchOSPlayingSystemSounds WatchKit Extension";
		};
/* End PBXContainerItemProxy section */

/* Begin PBXCopyFilesBuildPhase section */
		95A4E20A244ED28500F34F91 /* Embed App Extensions */ = {
			isa = PBXCopyFilesBuildPhase;
			buildActionMask = 2147483647;
			dstPath = "";
			dstSubfolderSpec = 13;
			files = (
				95A4E1F0244ED28400F34F91 /* WatchOSPlayingSystemSounds WatchKit Extension.appex in Embed App Extensions */,
			);
			name = "Embed App Extensions";
			runOnlyForDeploymentPostprocessing = 0;
		};
		95A4E20E244ED28500F34F91 /* Embed Watch Content */ = {
			isa = PBXCopyFilesBuildPhase;
			buildActionMask = 2147483647;
			dstPath = "$(CONTENTS_FOLDER_PATH)/Watch";
			dstSubfolderSpec = 16;
			files = (
				95A4E1E1244ED28200F34F91 /* WatchOSPlayingSystemSounds WatchKit App.app in Embed Watch Content */,
			);
			name = "Embed Watch Content";
			runOnlyForDeploymentPostprocessing = 0;
		};
/* End PBXCopyFilesBuildPhase section */

/* Begin PBXFileReference section */
		95A4E1DC244ED28200F34F91 /* WatchOSPlayingSystemSounds.app */ = {isa = PBXFileReference; explicitFileType = wrapper.application; includeInIndex = 0; path = WatchOSPlayingSystemSounds.app; sourceTree = BUILT_PRODUCTS_DIR; };
		95A4E1E0244ED28200F34F91 /* WatchOSPlayingSystemSounds WatchKit App.app */ = {isa = PBXFileReference; explicitFileType = wrapper.application; includeInIndex = 0; path = "WatchOSPlayingSystemSounds WatchKit App.app"; sourceTree = BUILT_PRODUCTS_DIR; };
		95A4E1E6244ED28200F34F91 /* Base */ = {isa = PBXFileReference; lastKnownFileType = file.storyboard; name = Base; path = Base.lproj/Interface.storyboard; sourceTree = "<group>"; };
		95A4E1E8244ED28400F34F91 /* Assets.xcassets */ = {isa = PBXFileReference; lastKnownFileType = folder.assetcatalog; path = Assets.xcassets; sourceTree = "<group>"; };
		95A4E1EA244ED28400F34F91 /* Info.plist */ = {isa = PBXFileReference; lastKnownFileType = text.plist.xml; path = Info.plist; sourceTree = "<group>"; };
		95A4E1EF244ED28400F34F91 /* WatchOSPlayingSystemSounds WatchKit Extension.appex */ = {isa = PBXFileReference; explicitFileType = "wrapper.app-extension"; includeInIndex = 0; path = "WatchOSPlayingSystemSounds WatchKit Extension.appex"; sourceTree = BUILT_PRODUCTS_DIR; };
		95A4E1F4244ED28400F34F91 /* ContentView.swift */ = {isa = PBXFileReference; lastKnownFileType = sourcecode.swift; path = ContentView.swift; sourceTree = "<group>"; };
		95A4E1F6244ED28400F34F91 /* HostingController.swift */ = {isa = PBXFileReference; lastKnownFileType = sourcecode.swift; path = HostingController.swift; sourceTree = "<group>"; };
		95A4E1F8244ED28400F34F91 /* ExtensionDelegate.swift */ = {isa = PBXFileReference; lastKnownFileType = sourcecode.swift; path = ExtensionDelegate.swift; sourceTree = "<group>"; };
		95A4E1FA244ED28400F34F91 /* NotificationController.swift */ = {isa = PBXFileReference; lastKnownFileType = sourcecode.swift; path = NotificationController.swift; sourceTree = "<group>"; };
		95A4E1FC244ED28400F34F91 /* NotificationView.swift */ = {isa = PBXFileReference; lastKnownFileType = sourcecode.swift; path = NotificationView.swift; sourceTree = "<group>"; };
		95A4E1FE244ED28500F34F91 /* Assets.xcassets */ = {isa = PBXFileReference; lastKnownFileType = folder.assetcatalog; path = Assets.xcassets; sourceTree = "<group>"; };
		95A4E201244ED28500F34F91 /* Preview Assets.xcassets */ = {isa = PBXFileReference; lastKnownFileType = folder.assetcatalog; path = "Preview Assets.xcassets"; sourceTree = "<group>"; };
		95A4E203244ED28500F34F91 /* Info.plist */ = {isa = PBXFileReference; lastKnownFileType = text.plist.xml; path = Info.plist; sourceTree = "<group>"; };
		95A4E204244ED28500F34F91 /* PushNotificationPayload.apns */ = {isa = PBXFileReference; lastKnownFileType = text; path = PushNotificationPayload.apns; sourceTree = "<group>"; };
/* End PBXFileReference section */

/* Begin PBXFrameworksBuildPhase section */
		95A4E1EC244ED28400F34F91 /* Frameworks */ = {
			isa = PBXFrameworksBuildPhase;
			buildActionMask = 2147483647;
			files = (
			);
			runOnlyForDeploymentPostprocessing = 0;
		};
/* End PBXFrameworksBuildPhase section */

/* Begin PBXGroup section */
		95A4E1D5244ED28200F34F91 = {
			isa = PBXGroup;
			children = (
				95A4E1E4244ED28200F34F91 /* WatchOSPlayingSystemSounds WatchKit App */,
				95A4E1F3244ED28400F34F91 /* WatchOSPlayingSystemSounds WatchKit Extension */,
				95A4E1DD244ED28200F34F91 /* Products */,
			);
			sourceTree = "<group>";
		};
		95A4E1DD244ED28200F34F91 /* Products */ = {
			isa = PBXGroup;
			children = (
				95A4E1DC244ED28200F34F91 /* WatchOSPlayingSystemSounds.app */,
				95A4E1E0244ED28200F34F91 /* WatchOSPlayingSystemSounds WatchKit App.app */,
				95A4E1EF244ED28400F34F91 /* WatchOSPlayingSystemSounds WatchKit Extension.appex */,
			);
			name = Products;
			sourceTree = "<group>";
		};
		95A4E1E4244ED28200F34F91 /* WatchOSPlayingSystemSounds WatchKit App */ = {
			isa = PBXGroup;
			children = (
				95A4E1E5244ED28200F34F91 /* Interface.storyboard */,
				95A4E1E8244ED28400F34F91 /* Assets.xcassets */,
				95A4E1EA244ED28400F34F91 /* Info.plist */,
			);
			path = "WatchOSPlayingSystemSounds WatchKit App";
			sourceTree = "<group>";
		};
		95A4E1F3244ED28400F34F91 /* WatchOSPlayingSystemSounds WatchKit Extension */ = {
			isa = PBXGroup;
			children = (
				95A4E1F4244ED28400F34F91 /* ContentView.swift */,
				95A4E1F6244ED28400F34F91 /* HostingController.swift */,
				95A4E1F8244ED28400F34F91 /* ExtensionDelegate.swift */,
				95A4E1FA244ED28400F34F91 /* NotificationController.swift */,
				95A4E1FC244ED28400F34F91 /* NotificationView.swift */,
				95A4E1FE244ED28500F34F91 /* Assets.xcassets */,
				95A4E203244ED28500F34F91 /* Info.plist */,
				95A4E204244ED28500F34F91 /* PushNotificationPayload.apns */,
				95A4E200244ED28500F34F91 /* Preview Content */,
			);
			path = "WatchOSPlayingSystemSounds WatchKit Extension";
			sourceTree = "<group>";
		};
		95A4E200244ED28500F34F91 /* Preview Content */ = {
			isa = PBXGroup;
			children = (
				95A4E201244ED28500F34F91 /* Preview Assets.xcassets */,
			);
			path = "Preview Content";
			sourceTree = "<group>";
		};
/* End PBXGroup section */

/* Begin PBXNativeTarget section */
		95A4E1DB244ED28200F34F91 /* WatchOSPlayingSystemSounds */ = {
			isa = PBXNativeTarget;
			buildConfigurationList = 95A4E20F244ED28500F34F91 /* Build configuration list for PBXNativeTarget "WatchOSPlayingSystemSounds" */;
			buildPhases = (
				95A4E1DA244ED28200F34F91 /* Resources */,
				95A4E20E244ED28500F34F91 /* Embed Watch Content */,
			);
			buildRules = (
			);
			dependencies = (
				95A4E1E3244ED28200F34F91 /* PBXTargetDependency */,
			);
			name = WatchOSPlayingSystemSounds;
			productName = WatchOSPlayingSystemSounds;
			productReference = 95A4E1DC244ED28200F34F91 /* WatchOSPlayingSystemSounds.app */;
			productType = "com.apple.product-type.application.watchapp2-container";
		};
		95A4E1DF244ED28200F34F91 /* WatchOSPlayingSystemSounds WatchKit App */ = {
			isa = PBXNativeTarget;
			buildConfigurationList = 95A4E20B244ED28500F34F91 /* Build configuration list for PBXNativeTarget "WatchOSPlayingSystemSounds WatchKit App" */;
			buildPhases = (
				95A4E1DE244ED28200F34F91 /* Resources */,
				95A4E20A244ED28500F34F91 /* Embed App Extensions */,
			);
			buildRules = (
			);
			dependencies = (
				95A4E1F2244ED28400F34F91 /* PBXTargetDependency */,
			);
			name = "WatchOSPlayingSystemSounds WatchKit App";
			productName = "WatchOSPlayingSystemSounds WatchKit App";
			productReference = 95A4E1E0244ED28200F34F91 /* WatchOSPlayingSystemSounds WatchKit App.app */;
			productType = "com.apple.product-type.application.watchapp2";
		};
		95A4E1EE244ED28400F34F91 /* WatchOSPlayingSystemSounds WatchKit Extension */ = {
			isa = PBXNativeTarget;
			buildConfigurationList = 95A4E207244ED28500F34F91 /* Build configuration list for PBXNativeTarget "WatchOSPlayingSystemSounds WatchKit Extension" */;
			buildPhases = (
				95A4E1EB244ED28400F34F91 /* Sources */,
				95A4E1EC244ED28400F34F91 /* Frameworks */,
				95A4E1ED244ED28400F34F91 /* Resources */,
			);
			buildRules = (
			);
			dependencies = (
			);
			name = "WatchOSPlayingSystemSounds WatchKit Extension";
			productName = "WatchOSPlayingSystemSounds WatchKit Extension";
			productReference = 95A4E1EF244ED28400F34F91 /* WatchOSPlayingSystemSounds WatchKit Extension.appex */;
			productType = "com.apple.product-type.watchkit2-extension";
		};
/* End PBXNativeTarget section */

/* Begin PBXProject section */
		95A4E1D6244ED28200F34F91 /* Project object */ = {
			isa = PBXProject;
			attributes = {
				LastSwiftUpdateCheck = 1140;
				LastUpgradeCheck = 1140;
				ORGANIZATIONNAME = com.ri;
				TargetAttributes = {
					95A4E1DB244ED28200F34F91 = {
						CreatedOnToolsVersion = 11.4;
					};
					95A4E1DF244ED28200F34F91 = {
						CreatedOnToolsVersion = 11.4;
					};
					95A4E1EE244ED28400F34F91 = {
						CreatedOnToolsVersion = 11.4;
					};
				};
			};
			buildConfigurationList = 95A4E1D9244ED28200F34F91 /* Build configuration list for PBXProject "WatchOSPlayingSystemSounds" */;
			compatibilityVersion = "Xcode 9.3";
			developmentRegion = en;
			hasScannedForEncodings = 0;
			knownRegions = (
				en,
				Base,
			);
			mainGroup = 95A4E1D5244ED28200F34F91;
			productRefGroup = 95A4E1DD244ED28200F34F91 /* Products */;
			projectDirPath = "";
			projectRoot = "";
			targets = (
				95A4E1DB244ED28200F34F91 /* WatchOSPlayingSystemSounds */,
				95A4E1DF244ED28200F34F91 /* WatchOSPlayingSystemSounds WatchKit App */,
				95A4E1EE244ED28400F34F91 /* WatchOSPlayingSystemSounds WatchKit Extension */,
			);
		};
/* End PBXProject section */

/* Begin PBXResourcesBuildPhase section */
		95A4E1DA244ED28200F34F91 /* Resources */ = {
			isa = PBXResourcesBuildPhase;
			buildActionMask = 2147483647;
			files = (
			);
			runOnlyForDeploymentPostprocessing = 0;
		};
		95A4E1DE244ED28200F34F91 /* Resources */ = {
			isa = PBXResourcesBuildPhase;
			buildActionMask = 2147483647;
			files = (
				95A4E1E9244ED28400F34F91 /* Assets.xcassets in Resources */,
				95A4E1E7244ED28200F34F91 /* Interface.storyboard in Resources */,
			);
			runOnlyForDeploymentPostprocessing = 0;
		};
		95A4E1ED244ED28400F34F91 /* Resources */ = {
			isa = PBXResourcesBuildPhase;
			buildActionMask = 2147483647;
			files = (
				95A4E202244ED28500F34F91 /* Preview Assets.xcassets in Resources */,
				95A4E1FF244ED28500F34F91 /* Assets.xcassets in Resources */,
			);
			runOnlyForDeploymentPostprocessing = 0;
		};
/* End PBXResourcesBuildPhase section */

/* Begin PBXSourcesBuildPhase section */
		95A4E1EB244ED28400F34F91 /* Sources */ = {
			isa = PBXSourcesBuildPhase;
			buildActionMask = 2147483647;
			files = (
				95A4E1F7244ED28400F34F91 /* HostingController.swift in Sources */,
				95A4E1F5244ED28400F34F91 /* ContentView.swift in Sources */,
				95A4E1FB244ED28400F34F91 /* NotificationController.swift in Sources */,
				95A4E1F9244ED28400F34F91 /* ExtensionDelegate.swift in Sources */,
				95A4E1FD244ED28400F34F91 /* NotificationView.swift in Sources */,
			);
			runOnlyForDeploymentPostprocessing = 0;
		};
/* End PBXSourcesBuildPhase section */

/* Begin PBXTargetDependency section */
		95A4E1E3244ED28200F34F91 /* PBXTargetDependency */ = {
			isa = PBXTargetDependency;
			target = 95A4E1DF244ED28200F34F91 /* WatchOSPlayingSystemSounds WatchKit App */;
			targetProxy = 95A4E1E2244ED28200F34F91 /* PBXContainerItemProxy */;
		};
		95A4E1F2244ED28400F34F91 /* PBXTargetDependency */ = {
			isa = PBXTargetDependency;
			target = 95A4E1EE244ED28400F34F91 /* WatchOSPlayingSystemSounds WatchKit Extension */;
			targetProxy = 95A4E1F1244ED28400F34F91 /* PBXContainerItemProxy */;
		};
/* End PBXTargetDependency section */

/* Begin PBXVariantGroup section */
		95A4E1E5244ED28200F34F91 /* Interface.storyboard */ = {
			isa = PBXVariantGroup;
			children = (
				95A4E1E6244ED28200F34F91 /* Base */,
			);
			name = Interface.storyboard;
			sourceTree = "<group>";
		};
/* End PBXVariantGroup section */

/* Begin XCBuildConfiguration section */
		95A4E205244ED28500F34F91 /* Debug */ = {
			isa = XCBuildConfiguration;
			buildSettings = {
				ALWAYS_SEARCH_USER_PATHS = NO;
				CLANG_ANALYZER_NONNULL = YES;
				CLANG_ANALYZER_NUMBER_OBJECT_CONVERSION = YES_AGGRESSIVE;
				CLANG_CXX_LANGUAGE_STANDARD = "gnu++14";
				CLANG_CXX_LIBRARY = "libc++";
				CLANG_ENABLE_MODULES = YES;
				CLANG_ENABLE_OBJC_ARC = YES;
				CLANG_ENABLE_OBJC_WEAK = YES;
				CLANG_WARN_BLOCK_CAPTURE_AUTORELEASING = YES;
				CLANG_WARN_BOOL_CONVERSION = YES;
				CLANG_WARN_COMMA = YES;
				CLANG_WARN_CONSTANT_CONVERSION = YES;
				CLANG_WARN_DEPRECATED_OBJC_IMPLEMENTATIONS = YES;
				CLANG_WARN_DIRECT_OBJC_ISA_USAGE = YES_ERROR;
				CLANG_WARN_DOCUMENTATION_COMMENTS = YES;
				CLANG_WARN_EMPTY_BODY = YES;
				CLANG_WARN_ENUM_CONVERSION = YES;
				CLANG_WARN_INFINITE_RECURSION = YES;
				CLANG_WARN_INT_CONVERSION = YES;
				CLANG_WARN_NON_LITERAL_NULL_CONVERSION = YES;
				CLANG_WARN_OBJC_IMPLICIT_RETAIN_SELF = YES;
				CLANG_WARN_OBJC_LITERAL_CONVERSION = YES;
				CLANG_WARN_OBJC_ROOT_CLASS = YES_ERROR;
				CLANG_WARN_RANGE_LOOP_ANALYSIS = YES;
				CLANG_WARN_STRICT_PROTOTYPES = YES;
				CLANG_WARN_SUSPICIOUS_MOVE = YES;
				CLANG_WARN_UNGUARDED_AVAILABILITY = YES_AGGRESSIVE;
				CLANG_WARN_UNREACHABLE_CODE = YES;
				CLANG_WARN__DUPLICATE_METHOD_MATCH = YES;
				COPY_PHASE_STRIP = NO;
				DEBUG_INFORMATION_FORMAT = dwarf;
				ENABLE_STRICT_OBJC_MSGSEND = YES;
				ENABLE_TESTABILITY = YES;
				GCC_C_LANGUAGE_STANDARD = gnu11;
				GCC_DYNAMIC_NO_PIC = NO;
				GCC_NO_COMMON_BLOCKS = YES;
				GCC_OPTIMIZATION_LEVEL = 0;
				GCC_PREPROCESSOR_DEFINITIONS = (
					"DEBUG=1",
					"$(inherited)",
				);
				GCC_WARN_64_TO_32_BIT_CONVERSION = YES;
				GCC_WARN_ABOUT_RETURN_TYPE = YES_ERROR;
				GCC_WARN_UNDECLARED_SELECTOR = YES;
				GCC_WARN_UNINITIALIZED_AUTOS = YES_AGGRESSIVE;
				GCC_WARN_UNUSED_FUNCTION = YES;
				GCC_WARN_UNUSED_VARIABLE = YES;
				MTL_ENABLE_DEBUG_INFO = INCLUDE_SOURCE;
				MTL_FAST_MATH = YES;
				ONLY_ACTIVE_ARCH = YES;
				SDKROOT = iphoneos;
				SWIFT_ACTIVE_COMPILATION_CONDITIONS = DEBUG;
				SWIFT_OPTIMIZATION_LEVEL = "-Onone";
			};
			name = Debug;
		};
		95A4E206244ED28500F34F91 /* Release */ = {
			isa = XCBuildConfiguration;
			buildSettings = {
				ALWAYS_SEARCH_USER_PATHS = NO;
				CLANG_ANALYZER_NONNULL = YES;
				CLANG_ANALYZER_NUMBER_OBJECT_CONVERSION = YES_AGGRESSIVE;
				CLANG_CXX_LANGUAGE_STANDARD = "gnu++14";
				CLANG_CXX_LIBRARY = "libc++";
				CLANG_ENABLE_MODULES = YES;
				CLANG_ENABLE_OBJC_ARC = YES;
				CLANG_ENABLE_OBJC_WEAK = YES;
				CLANG_WARN_BLOCK_CAPTURE_AUTORELEASING = YES;
				CLANG_WARN_BOOL_CONVERSION = YES;
				CLANG_WARN_COMMA = YES;
				CLANG_WARN_CONSTANT_CONVERSION = YES;
				CLANG_WARN_DEPRECATED_OBJC_IMPLEMENTATIONS = YES;
				CLANG_WARN_DIRECT_OBJC_ISA_USAGE = YES_ERROR;
				CLANG_WARN_DOCUMENTATION_COMMENTS = YES;
				CLANG_WARN_EMPTY_BODY = YES;
				CLANG_WARN_ENUM_CONVERSION = YES;
				CLANG_WARN_INFINITE_RECURSION = YES;
				CLANG_WARN_INT_CONVERSION = YES;
				CLANG_WARN_NON_LITERAL_NULL_CONVERSION = YES;
				CLANG_WARN_OBJC_IMPLICIT_RETAIN_SELF = YES;
				CLANG_WARN_OBJC_LITERAL_CONVERSION = YES;
				CLANG_WARN_OBJC_ROOT_CLASS = YES_ERROR;
				CLANG_WARN_RANGE_LOOP_ANALYSIS = YES;
				CLANG_WARN_STRICT_PROTOTYPES = YES;
				CLANG_WARN_SUSPICIOUS_MOVE = YES;
				CLANG_WARN_UNGUARDED_AVAILABILITY = YES_AGGRESSIVE;
				CLANG_WARN_UNREACHABLE_CODE = YES;
				CLANG_WARN__DUPLICATE_METHOD_MATCH = YES;
				COPY_PHASE_STRIP = NO;
				DEBUG_INFORMATION_FORMAT = "dwarf-with-dsym";
				ENABLE_NS_ASSERTIONS = NO;
				ENABLE_STRICT_OBJC_MSGSEND = YES;
				GCC_C_LANGUAGE_STANDARD = gnu11;
				GCC_NO_COMMON_BLOCKS = YES;
				GCC_WARN_64_TO_32_BIT_CONVERSION = YES;
				GCC_WARN_ABOUT_RETURN_TYPE = YES_ERROR;
				GCC_WARN_UNDECLARED_SELECTOR = YES;
				GCC_WARN_UNINITIALIZED_AUTOS = YES_AGGRESSIVE;
				GCC_WARN_UNUSED_FUNCTION = YES;
				GCC_WARN_UNUSED_VARIABLE = YES;
				MTL_ENABLE_DEBUG_INFO = NO;
				MTL_FAST_MATH = YES;
				SDKROOT = iphoneos;
				SWIFT_COMPILATION_MODE = wholemodule;
				SWIFT_OPTIMIZATION_LEVEL = "-O";
				VALIDATE_PRODUCT = YES;
			};
			name = Release;
		};
		95A4E208244ED28500F34F91 /* Debug */ = {
			isa = XCBuildConfiguration;
			buildSettings = {
				ASSETCATALOG_COMPILER_COMPLICATION_NAME = Complication;
				CODE_SIGN_STYLE = Automatic;
				DEVELOPMENT_ASSET_PATHS = "\"WatchOSPlayingSystemSounds WatchKit Extension/Preview Content\"";
				DEVELOPMENT_TEAM = L8W86DZDY2;
				ENABLE_PREVIEWS = YES;
				INFOPLIST_FILE = "WatchOSPlayingSystemSounds WatchKit Extension/Info.plist";
				LD_RUNPATH_SEARCH_PATHS = (
					"$(inherited)",
					"@executable_path/Frameworks",
					"@executable_path/../../Frameworks",
				);
				PRODUCT_BUNDLE_IDENTIFIER = com.ri.WatchOSPlayingSystemSounds.watchkitapp.watchkitextension;
				PRODUCT_NAME = "${TARGET_NAME}";
				SDKROOT = watchos;
				SKIP_INSTALL = YES;
				SWIFT_VERSION = 5.0;
				TARGETED_DEVICE_FAMILY = 4;
				WATCHOS_DEPLOYMENT_TARGET = 6.2;
			};
			name = Debug;
		};
		95A4E209244ED28500F34F91 /* Release */ = {
			isa = XCBuildConfiguration;
			buildSettings = {
				ASSETCATALOG_COMPILER_COMPLICATION_NAME = Complication;
				CODE_SIGN_STYLE = Automatic;
				DEVELOPMENT_ASSET_PATHS = "\"WatchOSPlayingSystemSounds WatchKit Extension/Preview Content\"";
				DEVELOPMENT_TEAM = L8W86DZDY2;
				ENABLE_PREVIEWS = YES;
				INFOPLIST_FILE = "WatchOSPlayingSystemSounds WatchKit Extension/Info.plist";
				LD_RUNPATH_SEARCH_PATHS = (
					"$(inherited)",
					"@executable_path/Frameworks",
					"@executable_path/../../Frameworks",
				);
				PRODUCT_BUNDLE_IDENTIFIER = com.ri.WatchOSPlayingSystemSounds.watchkitapp.watchkitextension;
				PRODUCT_NAME = "${TARGET_NAME}";
				SDKROOT = watchos;
				SKIP_INSTALL = YES;
				SWIFT_VERSION = 5.0;
				TARGETED_DEVICE_FAMILY = 4;
				WATCHOS_DEPLOYMENT_TARGET = 6.2;
			};
			name = Release;
		};
		95A4E20C244ED28500F34F91 /* Debug */ = {
			isa = XCBuildConfiguration;
			buildSettings = {
				ALWAYS_EMBED_SWIFT_STANDARD_LIBRARIES = YES;
				ASSETCATALOG_COMPILER_APPICON_NAME = AppIcon;
				CODE_SIGN_STYLE = Automatic;
				DEVELOPMENT_TEAM = L8W86DZDY2;
				IBSC_MODULE = WatchOSPlayingSystemSounds_WatchKit_Extension;
				INFOPLIST_FILE = "WatchOSPlayingSystemSounds WatchKit App/Info.plist";
				PRODUCT_BUNDLE_IDENTIFIER = com.ri.WatchOSPlayingSystemSounds.watchkitapp;
				PRODUCT_NAME = "$(TARGET_NAME)";
				SDKROOT = watchos;
				SKIP_INSTALL = YES;
				SWIFT_VERSION = 5.0;
				TARGETED_DEVICE_FAMILY = 4;
				WATCHOS_DEPLOYMENT_TARGET = 6.2;
			};
			name = Debug;
		};
		95A4E20D244ED28500F34F91 /* Release */ = {
			isa = XCBuildConfiguration;
			buildSettings = {
				ALWAYS_EMBED_SWIFT_STANDARD_LIBRARIES = YES;
				ASSETCATALOG_COMPILER_APPICON_NAME = AppIcon;
				CODE_SIGN_STYLE = Automatic;
				DEVELOPMENT_TEAM = L8W86DZDY2;
				IBSC_MODULE = WatchOSPlayingSystemSounds_WatchKit_Extension;
				INFOPLIST_FILE = "WatchOSPlayingSystemSounds WatchKit App/Info.plist";
				PRODUCT_BUNDLE_IDENTIFIER = com.ri.WatchOSPlayingSystemSounds.watchkitapp;
				PRODUCT_NAME = "$(TARGET_NAME)";
				SDKROOT = watchos;
				SKIP_INSTALL = YES;
				SWIFT_VERSION = 5.0;
				TARGETED_DEVICE_FAMILY = 4;
				WATCHOS_DEPLOYMENT_TARGET = 6.2;
			};
			name = Release;
		};
		95A4E210244ED28500F34F91 /* Debug */ = {
			isa = XCBuildConfiguration;
			buildSettings = {
				CODE_SIGN_STYLE = Automatic;
				CURRENT_PROJECT_VERSION = 1;
				DEVELOPMENT_TEAM = L8W86DZDY2;
				MARKETING_VERSION = 1.0;
				PRODUCT_BUNDLE_IDENTIFIER = com.ri.WatchOSPlayingSystemSounds;
				PRODUCT_NAME = "$(TARGET_NAME)";
				SWIFT_VERSION = 5.0;
			};
			name = Debug;
		};
		95A4E211244ED28500F34F91 /* Release */ = {
			isa = XCBuildConfiguration;
			buildSettings = {
				CODE_SIGN_STYLE = Automatic;
				CURRENT_PROJECT_VERSION = 1;
				DEVELOPMENT_TEAM = L8W86DZDY2;
				MARKETING_VERSION = 1.0;
				PRODUCT_BUNDLE_IDENTIFIER = com.ri.WatchOSPlayingSystemSounds;
				PRODUCT_NAME = "$(TARGET_NAME)";
				SWIFT_VERSION = 5.0;
			};
			name = Release;
		};
/* End XCBuildConfiguration section */

/* Begin XCConfigurationList section */
		95A4E1D9244ED28200F34F91 /* Build configuration list for PBXProject "WatchOSPlayingSystemSounds" */ = {
			isa = XCConfigurationList;
			buildConfigurations = (
				95A4E205244ED28500F34F91 /* Debug */,
				95A4E206244ED28500F34F91 /* Release */,
			);
			defaultConfigurationIsVisible = 0;
			defaultConfigurationName = Release;
		};
		95A4E207244ED28500F34F91 /* Build configuration list for PBXNativeTarget "WatchOSPlayingSystemSounds WatchKit Extension" */ = {
			isa = XCConfigurationList;
			buildConfigurations = (
				95A4E208244ED28500F34F91 /* Debug */,
				95A4E209244ED28500F34F91 /* Release */,
			);
			defaultConfigurationIsVisible = 0;
			defaultConfigurationName = Release;
		};
		95A4E20B244ED28500F34F91 /* Build configuration list for PBXNativeTarget "WatchOSPlayingSystemSounds WatchKit App" */ = {
			isa = XCConfigurationList;
			buildConfigurations = (
				95A4E20C244ED28500F34F91 /* Debug */,
				95A4E20D244ED28500F34F91 /* Release */,
			);
			defaultConfigurationIsVisible = 0;
			defaultConfigurationName = Release;
		};
		95A4E20F244ED28500F34F91 /* Build configuration list for PBXNativeTarget "WatchOSPlayingSystemSounds" */ = {
			isa = XCConfigurationList;
			buildConfigurations = (
				95A4E210244ED28500F34F91 /* Debug */,
				95A4E211244ED28500F34F91 /* Release */,
			);
			defaultConfigurationIsVisible = 0;
			defaultConfigurationName = Release;
		};
/* End XCConfigurationList section */
	};
	rootObject = 95A4E1D6244ED28200F34F91 /* Project object */;
}
